
Microsoft Visual Studio Solution File, Format Version 12.00
Project("{FAE04EC0-301F-11D3-BF4B-00C04F79EFBC}") = "MauiRepro.RequestedThemeChanged", "src\MauiRepro.RequestedThemeChanged\MauiRepro.RequestedThemeChanged.csproj", "{B2D94120-B561-4DD5-ADDD-E3C688EE7627}"
EndProject
Global
	GlobalSection(SolutionConfigurationPlatforms) = preSolution
		Debug|Any CPU = Debug|Any CPU
		Release|Any CPU = Release|Any CPU
	EndGlobalSection
	GlobalSection(ProjectConfigurationPlatforms) = postSolution
		{B2D94120-B561-4DD5-ADDD-E3C688EE7627}.Debug|Any CPU.ActiveCfg = Debug|Any CPU
		{B2D94120-B561-4DD5-ADDD-E3C688EE7627}.Debug|Any CPU.Build.0 = Debug|Any CPU
		{B2D94120-B561-4DD5-ADDD-E3C688EE7627}.Release|Any CPU.ActiveCfg = Release|Any CPU
		{B2D94120-B561-4DD5-ADDD-E3C688EE7627}.Release|Any CPU.Build.0 = Release|Any CPU
	EndGlobalSection
EndGlobal
